
Microsoft Visual Studio Solution File, Format Version 12.00
# Visual Studio Version 16
VisualStudioVersion = 16.0.29418.71
MinimumVisualStudioVersion = 10.0.40219.1
Project("{FAE04EC0-301F-11D3-BF4B-00C04F79EFBC}") = "FluidSimND", "FluidSimND\FluidSimND.csproj", "{B1463DBF-75FC-4512-A277-1FF4E3F112E8}"
EndProject
Global
	GlobalSection(SolutionConfigurationPlatforms) = preSolution
		Debug|Any CPU = Debug|Any CPU
		Release|Any CPU = Release|Any CPU
	EndGlobalSection
	GlobalSection(ProjectConfigurationPlatforms) = postSolution
		{B1463DBF-75FC-4512-A277-1FF4E3F112E8}.Debug|Any CPU.ActiveCfg = Debug|Any CPU
		{B1463DBF-75FC-4512-A277-1FF4E3F112E8}.Debug|Any CPU.Build.0 = Debug|Any CPU
		{B1463DBF-75FC-4512-A277-1FF4E3F112E8}.Release|Any CPU.ActiveCfg = Release|Any CPU
		{B1463DBF-75FC-4512-A277-1FF4E3F112E8}.Release|Any CPU.Build.0 = Release|Any CPU
	EndGlobalSection
	GlobalSection(SolutionProperties) = preSolution
		HideSolutionNode = FALSE
	EndGlobalSection
	GlobalSection(ExtensibilityGlobals) = postSolution
		SolutionGuid = {9F9F770D-9DAC-445D-809B-C77A58D918A6}
	EndGlobalSection
EndGlobal
